
Microsoft Visual Studio Solution File, Format Version 12.00
# Visual Studio Version 16
VisualStudioVersion = 16.0.30517.126
MinimumVisualStudioVersion = 10.0.40219.1
Project("{9A19103F-16F7-4668-BE54-9A1E7A4F7556}") = "Korelskiy.GunShopASP", "Korelskiy.GunShopASP.csproj", "{A9E0CEC4-03A1-4B97-AAE6-FA93796870B8}"
EndProject
Project("{9A19103F-16F7-4668-BE54-9A1E7A4F7556}") = "Korelskiy.GunShopASP.Services", "..\Korelskiy.GunShopASP.Services\Korelskiy.GunShopASP.Services.csproj", "{9B1B61DA-975B-4206-BF73-0BEEC37DD87C}"
EndProject
Project("{9A19103F-16F7-4668-BE54-9A1E7A4F7556}") = "Korelskiy.ModelsForGunShop", "..\Korelskiy.ModelsForGunShop\Korelskiy.ModelsForGunShop.csproj", "{19203577-8CBD-4171-A9F8-99A96F25EC7D}"
EndProject
Global
	GlobalSection(SolutionConfigurationPlatforms) = preSolution
		Debug|Any CPU = Debug|Any CPU
		Release|Any CPU = Release|Any CPU
	EndGlobalSection
	GlobalSection(ProjectConfigurationPlatforms) = postSolution
		{A9E0CEC4-03A1-4B97-AAE6-FA93796870B8}.Debug|Any CPU.ActiveCfg = Debug|Any CPU
		{A9E0CEC4-03A1-4B97-AAE6-FA93796870B8}.Debug|Any CPU.Build.0 = Debug|Any CPU
		{A9E0CEC4-03A1-4B97-AAE6-FA93796870B8}.Release|Any CPU.ActiveCfg = Release|Any CPU
		{A9E0CEC4-03A1-4B97-AAE6-FA93796870B8}.Release|Any CPU.Build.0 = Release|Any CPU
		{9B1B61DA-975B-4206-BF73-0BEEC37DD87C}.Debug|Any CPU.ActiveCfg = Debug|Any CPU
		{9B1B61DA-975B-4206-BF73-0BEEC37DD87C}.Debug|Any CPU.Build.0 = Debug|Any CPU
		{9B1B61DA-975B-4206-BF73-0BEEC37DD87C}.Release|Any CPU.ActiveCfg = Release|Any CPU
		{9B1B61DA-975B-4206-BF73-0BEEC37DD87C}.Release|Any CPU.Build.0 = Release|Any CPU
		{19203577-8CBD-4171-A9F8-99A96F25EC7D}.Debug|Any CPU.ActiveCfg = Debug|Any CPU
		{19203577-8CBD-4171-A9F8-99A96F25EC7D}.Debug|Any CPU.Build.0 = Debug|Any CPU
		{19203577-8CBD-4171-A9F8-99A96F25EC7D}.Release|Any CPU.ActiveCfg = Release|Any CPU
		{19203577-8CBD-4171-A9F8-99A96F25EC7D}.Release|Any CPU.Build.0 = Release|Any CPU
	EndGlobalSection
	GlobalSection(SolutionProperties) = preSolution
		HideSolutionNode = FALSE
	EndGlobalSection
	GlobalSection(ExtensibilityGlobals) = postSolution
		SolutionGuid = {576B8BBA-F3A5-4543-9EEB-E407D170AA92}
	EndGlobalSection
EndGlobal
